
Microsoft Visual Studio Solution File, Format Version 12.00
Project("{FAE04EC0-301F-11D3-BF4B-00C04F79EFBC}") = "mini-lang", "mini-lang.csproj", "{CFC1087A-D661-4E7B-9716-488743FE5DB9}"
EndProject
Project("{FAE04EC0-301F-11D3-BF4B-00C04F79EFBC}") = "UnitTests", "UnitTests\UnitTests.csproj", "{EA6DA437-86D7-47DC-87D4-571B7F9F8D8C}"
EndProject
Global
	GlobalSection(SolutionConfigurationPlatforms) = preSolution
		Debug|Any CPU = Debug|Any CPU
		Release|Any CPU = Release|Any CPU
	EndGlobalSection
	GlobalSection(ProjectConfigurationPlatforms) = postSolution
		{CFC1087A-D661-4E7B-9716-488743FE5DB9}.Debug|Any CPU.ActiveCfg = Debug|Any CPU
		{CFC1087A-D661-4E7B-9716-488743FE5DB9}.Debug|Any CPU.Build.0 = Debug|Any CPU
		{CFC1087A-D661-4E7B-9716-488743FE5DB9}.Release|Any CPU.ActiveCfg = Release|Any CPU
		{CFC1087A-D661-4E7B-9716-488743FE5DB9}.Release|Any CPU.Build.0 = Release|Any CPU
		{EA6DA437-86D7-47DC-87D4-571B7F9F8D8C}.Debug|Any CPU.ActiveCfg = Debug|Any CPU
		{EA6DA437-86D7-47DC-87D4-571B7F9F8D8C}.Debug|Any CPU.Build.0 = Debug|Any CPU
		{EA6DA437-86D7-47DC-87D4-571B7F9F8D8C}.Release|Any CPU.ActiveCfg = Release|Any CPU
		{EA6DA437-86D7-47DC-87D4-571B7F9F8D8C}.Release|Any CPU.Build.0 = Release|Any CPU
	EndGlobalSection
EndGlobal
